{
    "_readme": [
        "This file locks the dependencies of your project to a known state",
        "Read more about it at https://getcomposer.org/doc/01-basic-usage.md#composer-lock-the-lock-file",
        "This file is @generated automatically"
    ],
    "hash": "52ee2a60d20aaa401aad591f3530425d",
    "packages": [
        {
            "name": "cagartner/correios-consulta",
            "version": "0.1.1",
            "source": {
                "type": "git",
                "url": "https://github.com/cagartner/correios-consulta.git",
                "reference": "49d0eceb63b6c1e03b954a2dd48417a3c00727a7"
            },
            "dist": {
                "type": "zip",
                "url": "https://api.github.com/repos/cagartner/correios-consulta/zipball/49d0eceb63b6c1e03b954a2dd48417a3c00727a7",
                "reference": "49d0eceb63b6c1e03b954a2dd48417a3c00727a7",
                "shasum": ""
            },
            "require": {
                "cagartner/phpquery": "0.9.8",
                "php": ">=5.3.0"
            },
            "type": "library",
            "autoload": {
                "psr-0": {
                    "Cagartner\\CorreiosConsulta": "src/"
                }
            },
            "notification-url": "https://packagist.org/downloads/",
            "license": [
                "MIT"
            ],
            "authors": [
                {
                    "name": "Carlos Augusto Gartner",
                    "email": "contato@carlosgartner.com.br"
                }
            ],
            "description": "Package para pesquisa de serviços de busca por cep, calculo de frete e etc, diretamente nos serviços dos Correios.",
            "keywords": [
                "brazil",
                "cep",
                "frete",
                "laravel"
            ],
            "time": "2014-07-18 16:35:00"
        },
        {
            "name": "cagartner/phpquery",
            "version": "0.9.8",
            "source": {
                "type": "git",
                "url": "https://github.com/cagartner/phpquery.git",
                "reference": "b05a099ba9db1fb158056672b8d9e46b5245e627"
            },
            "dist": {
                "type": "zip",
                "url": "https://api.github.com/repos/cagartner/phpquery/zipball/b05a099ba9db1fb158056672b8d9e46b5245e627",
                "reference": "b05a099ba9db1fb158056672b8d9e46b5245e627",
                "shasum": ""
            },
            "require": {
                "php": ">=5.3.3",
                "sabberworm/php-css-parser": "5.1.*"
            },
            "type": "library",
            "autoload": {
                "psr-4": {
                    "PhpQuery\\": "src/"
                }
            },
            "notification-url": "https://packagist.org/downloads/",
            "license": [
                "MIT"
            ],
            "authors": [
                {
                    "name": "Tobiasz Cudnik",
                    "email": "tobiasz.cudnik@gmail.com",
                    "homepage": "https://github.com/TobiaszCudnik",
                    "role": "Developer"
                },
                {
                    "name": "didier Belot",
                    "role": "Packager"
                },
                {
                    "name": "Greg Payne",
                    "role": "Packager"
                }
            ],
            "description": "PHP5.3+ namespaced version of phpQuery with enhanced CSS support",
            "homepage": "http://code.google.com/p/phpquery/",
            "time": "2014-07-18 16:15:43"
        },
        {
            "name": "pagseguro/php",
            "version": "dev-master",
            "source": {
                "type": "git",
                "url": "https://github.com/pagseguro/php.git",
                "reference": "f7ea0ec25e0a05997a90694aed27e3ef02a025a6"
            },
            "dist": {
                "type": "zip",
                "url": "https://api.github.com/repos/pagseguro/php/zipball/f7ea0ec25e0a05997a90694aed27e3ef02a025a6",
                "reference": "f7ea0ec25e0a05997a90694aed27e3ef02a025a6",
                "shasum": ""
            },
            "require": {
                "ext-curl": "*",
                "lib-curl": "*",
                "lib-libxml": "*",
                "lib-openssl": "*",
                "php": ">=5.3.3"
            },
            "type": "library",
            "autoload": {
                "classmap": [
                    "source/PagSeguroLibrary"
                ]
            },
            "notification-url": "https://packagist.org/downloads/",
            "license": [
                "Apache License 2.0"
            ],
            "description": "Biblioteca de integração com o PagSeguro",
            "time": "2015-05-05 16:27:37"
        },
        {
            "name": "sabberworm/php-css-parser",
            "version": "5.1.2",
            "source": {
                "type": "git",
                "url": "https://github.com/sabberworm/PHP-CSS-Parser.git",
                "reference": "4c4ab985e372113dbfd0a8192fbd8629bface9bb"
            },
            "dist": {
                "type": "zip",
                "url": "https://api.github.com/repos/sabberworm/PHP-CSS-Parser/zipball/4c4ab985e372113dbfd0a8192fbd8629bface9bb",
                "reference": "4c4ab985e372113dbfd0a8192fbd8629bface9bb",
                "shasum": ""
            },
            "require": {
                "php": ">=5.3.2"
            },
            "type": "library",
            "autoload": {
                "psr-0": {
                    "Sabberworm\\CSS": "lib/"
                }
            },
            "notification-url": "https://packagist.org/downloads/",
            "license": [
                "MIT"
            ],
            "authors": [
                {
                    "name": "Raphael Schweikert"
                }
            ],
            "description": "Parser for CSS Files written in PHP",
            "homepage": "http://www.sabberworm.com/blog/2010/6/10/php-css-parser",
            "keywords": [
                "css",
                "parser",
                "stylesheet"
            ],
            "time": "2014-04-24 18:00:51"
        },
        {
            "name": "symfony/var-dumper",
            "version": "dev-master",
            "source": {
                "type": "git",
                "url": "https://github.com/symfony/var-dumper.git",
                "reference": "d4316adfb26c4d2b1d007c378d751c4158c85206"
            },
            "dist": {
                "type": "zip",
                "url": "https://api.github.com/repos/symfony/var-dumper/zipball/d4316adfb26c4d2b1d007c378d751c4158c85206",
                "reference": "d4316adfb26c4d2b1d007c378d751c4158c85206",
                "shasum": ""
            },
            "require": {
                "php": ">=5.5.9"
            },
            "require-dev": {
                "symfony/phpunit-bridge": "~2.8|~3.0"
            },
            "suggest": {
                "ext-symfony_debug": ""
            },
            "type": "library",
            "extra": {
                "branch-alias": {
                    "dev-master": "3.0-dev"
                }
            },
            "autoload": {
                "files": [
                    "Resources/functions/dump.php"
                ],
                "psr-4": {
                    "Symfony\\Component\\VarDumper\\": ""
                }
            },
            "notification-url": "https://packagist.org/downloads/",
            "license": [
                "MIT"
            ],
            "authors": [
                {
                    "name": "Nicolas Grekas",
                    "email": "p@tchwork.com"
                },
                {
                    "name": "Symfony Community",
                    "homepage": "https://symfony.com/contributors"
                }
            ],
            "description": "Symfony mechanism for exploring and dumping PHP variables",
            "homepage": "https://symfony.com",
            "keywords": [
                "debug",
                "dump"
            ],
            "time": "2015-06-04 20:30:47"
        }
    ],
    "packages-dev": [],
    "aliases": [],
    "minimum-stability": "stable",
    "stability-flags": {
        "pagseguro/php": 20,
        "symfony/var-dumper": 20
    },
    "prefer-stable": false,
    "prefer-lowest": false,
    "platform": [],
    "platform-dev": []
}
